// !$*UTF8*$!
{
	archiveVersion = 1;
	classes = {
	};
	objectVersion = 50;
	objects = {

/* Begin PBXBuildFile section */
		42AED498E61365F3F519D24E /* Pods_TodoByReactorKit.framework in Frameworks */ = {isa = PBXBuildFile; fileRef = 4FC2C0B9A8C1A5D6ADFD3A5E /* Pods_TodoByReactorKit.framework */; };
		EA27C1A32086DF7600EBB268 /* AppDelegate.swift in Sources */ = {isa = PBXBuildFile; fileRef = EA27C1A22086DF7600EBB268 /* AppDelegate.swift */; };
		EA27C1A52086DF7600EBB268 /* ViewController.swift in Sources */ = {isa = PBXBuildFile; fileRef = EA27C1A42086DF7600EBB268 /* ViewController.swift */; };
		EA27C1A82086DF7600EBB268 /* Main.storyboard in Resources */ = {isa = PBXBuildFile; fileRef = EA27C1A62086DF7600EBB268 /* Main.storyboard */; };
		EA27C1AA2086DF7600EBB268 /* Assets.xcassets in Resources */ = {isa = PBXBuildFile; fileRef = EA27C1A92086DF7600EBB268 /* Assets.xcassets */; };
		EA27C1AD2086DF7600EBB268 /* LaunchScreen.storyboard in Resources */ = {isa = PBXBuildFile; fileRef = EA27C1AB2086DF7600EBB268 /* LaunchScreen.storyboard */; };
		EA27C1B82086DF7700EBB268 /* TodoByReactorKitTests.swift in Sources */ = {isa = PBXBuildFile; fileRef = EA27C1B72086DF7700EBB268 /* TodoByReactorKitTests.swift */; };
		EA27C1C32086DF7700EBB268 /* TodoByReactorKitUITests.swift in Sources */ = {isa = PBXBuildFile; fileRef = EA27C1C22086DF7700EBB268 /* TodoByReactorKitUITests.swift */; };
		EA27C1D820881C7A00EBB268 /* ServiceProvider.swift in Sources */ = {isa = PBXBuildFile; fileRef = EA27C1D720881C7A00EBB268 /* ServiceProvider.swift */; };
		EA27C1DA20881CB700EBB268 /* BaseService.swift in Sources */ = {isa = PBXBuildFile; fileRef = EA27C1D920881CB700EBB268 /* BaseService.swift */; };
		EA27C1DC20881D0C00EBB268 /* UserDefaultsService.swift in Sources */ = {isa = PBXBuildFile; fileRef = EA27C1DB20881D0C00EBB268 /* UserDefaultsService.swift */; };
		EA27C1DE20881D1700EBB268 /* TaskService.swift in Sources */ = {isa = PBXBuildFile; fileRef = EA27C1DD20881D1700EBB268 /* TaskService.swift */; };
		EA27C1E020881D2400EBB268 /* AlertService.swift in Sources */ = {isa = PBXBuildFile; fileRef = EA27C1DF20881D2400EBB268 /* AlertService.swift */; };
/* End PBXBuildFile section */

/* Begin PBXContainerItemProxy section */
		EA27C1B42086DF7700EBB268 /* PBXContainerItemProxy */ = {
			isa = PBXContainerItemProxy;
			containerPortal = EA27C1972086DF7600EBB268 /* Project object */;
			proxyType = 1;
			remoteGlobalIDString = EA27C19E2086DF7600EBB268;
			remoteInfo = TodoByReactorKit;
		};
		EA27C1BF2086DF7700EBB268 /* PBXContainerItemProxy */ = {
			isa = PBXContainerItemProxy;
			containerPortal = EA27C1972086DF7600EBB268 /* Project object */;
			proxyType = 1;
			remoteGlobalIDString = EA27C19E2086DF7600EBB268;
			remoteInfo = TodoByReactorKit;
		};
/* End PBXContainerItemProxy section */

/* Begin PBXFileReference section */
		4FC2C0B9A8C1A5D6ADFD3A5E /* Pods_TodoByReactorKit.framework */ = {isa = PBXFileReference; explicitFileType = wrapper.framework; includeInIndex = 0; path = Pods_TodoByReactorKit.framework; sourceTree = BUILT_PRODUCTS_DIR; };
		686EBE8898AB7EFA3030A731 /* Pods-TodoByReactorKit.release.xcconfig */ = {isa = PBXFileReference; includeInIndex = 1; lastKnownFileType = text.xcconfig; name = "Pods-TodoByReactorKit.release.xcconfig"; path = "Pods/Target Support Files/Pods-TodoByReactorKit/Pods-TodoByReactorKit.release.xcconfig"; sourceTree = "<group>"; };
		AD20DBDC90DA1227C93483D8 /* Pods-TodoByReactorKit.debug.xcconfig */ = {isa = PBXFileReference; includeInIndex = 1; lastKnownFileType = text.xcconfig; name = "Pods-TodoByReactorKit.debug.xcconfig"; path = "Pods/Target Support Files/Pods-TodoByReactorKit/Pods-TodoByReactorKit.debug.xcconfig"; sourceTree = "<group>"; };
		EA27C19F2086DF7600EBB268 /* TodoByReactorKit.app */ = {isa = PBXFileReference; explicitFileType = wrapper.application; includeInIndex = 0; path = TodoByReactorKit.app; sourceTree = BUILT_PRODUCTS_DIR; };
		EA27C1A22086DF7600EBB268 /* AppDelegate.swift */ = {isa = PBXFileReference; lastKnownFileType = sourcecode.swift; path = AppDelegate.swift; sourceTree = "<group>"; };
		EA27C1A42086DF7600EBB268 /* ViewController.swift */ = {isa = PBXFileReference; lastKnownFileType = sourcecode.swift; path = ViewController.swift; sourceTree = "<group>"; };
		EA27C1A72086DF7600EBB268 /* Base */ = {isa = PBXFileReference; lastKnownFileType = file.storyboard; name = Base; path = Base.lproj/Main.storyboard; sourceTree = "<group>"; };
		EA27C1A92086DF7600EBB268 /* Assets.xcassets */ = {isa = PBXFileReference; lastKnownFileType = folder.assetcatalog; path = Assets.xcassets; sourceTree = "<group>"; };
		EA27C1AC2086DF7600EBB268 /* Base */ = {isa = PBXFileReference; lastKnownFileType = file.storyboard; name = Base; path = Base.lproj/LaunchScreen.storyboard; sourceTree = "<group>"; };
		EA27C1AE2086DF7700EBB268 /* Info.plist */ = {isa = PBXFileReference; lastKnownFileType = text.plist.xml; path = Info.plist; sourceTree = "<group>"; };
		EA27C1B32086DF7700EBB268 /* TodoByReactorKitTests.xctest */ = {isa = PBXFileReference; explicitFileType = wrapper.cfbundle; includeInIndex = 0; path = TodoByReactorKitTests.xctest; sourceTree = BUILT_PRODUCTS_DIR; };
		EA27C1B72086DF7700EBB268 /* TodoByReactorKitTests.swift */ = {isa = PBXFileReference; lastKnownFileType = sourcecode.swift; path = TodoByReactorKitTests.swift; sourceTree = "<group>"; };
		EA27C1B92086DF7700EBB268 /* Info.plist */ = {isa = PBXFileReference; lastKnownFileType = text.plist.xml; path = Info.plist; sourceTree = "<group>"; };
		EA27C1BE2086DF7700EBB268 /* TodoByReactorKitUITests.xctest */ = {isa = PBXFileReference; explicitFileType = wrapper.cfbundle; includeInIndex = 0; path = TodoByReactorKitUITests.xctest; sourceTree = BUILT_PRODUCTS_DIR; };
		EA27C1C22086DF7700EBB268 /* TodoByReactorKitUITests.swift */ = {isa = PBXFileReference; lastKnownFileType = sourcecode.swift; path = TodoByReactorKitUITests.swift; sourceTree = "<group>"; };
		EA27C1C42086DF7700EBB268 /* Info.plist */ = {isa = PBXFileReference; lastKnownFileType = text.plist.xml; path = Info.plist; sourceTree = "<group>"; };
		EA27C1D720881C7A00EBB268 /* ServiceProvider.swift */ = {isa = PBXFileReference; lastKnownFileType = sourcecode.swift; path = ServiceProvider.swift; sourceTree = "<group>"; };
		EA27C1D920881CB700EBB268 /* BaseService.swift */ = {isa = PBXFileReference; lastKnownFileType = sourcecode.swift; path = BaseService.swift; sourceTree = "<group>"; };
		EA27C1DB20881D0C00EBB268 /* UserDefaultsService.swift */ = {isa = PBXFileReference; lastKnownFileType = sourcecode.swift; path = UserDefaultsService.swift; sourceTree = "<group>"; };
		EA27C1DD20881D1700EBB268 /* TaskService.swift */ = {isa = PBXFileReference; lastKnownFileType = sourcecode.swift; path = TaskService.swift; sourceTree = "<group>"; };
		EA27C1DF20881D2400EBB268 /* AlertService.swift */ = {isa = PBXFileReference; lastKnownFileType = sourcecode.swift; path = AlertService.swift; sourceTree = "<group>"; };
/* End PBXFileReference section */

/* Begin PBXFrameworksBuildPhase section */
		EA27C19C2086DF7600EBB268 /* Frameworks */ = {
			isa = PBXFrameworksBuildPhase;
			buildActionMask = 2147483647;
			files = (
				42AED498E61365F3F519D24E /* Pods_TodoByReactorKit.framework in Frameworks */,
			);
			runOnlyForDeploymentPostprocessing = 0;
		};
		EA27C1B02086DF7700EBB268 /* Frameworks */ = {
			isa = PBXFrameworksBuildPhase;
			buildActionMask = 2147483647;
			files = (
			);
			runOnlyForDeploymentPostprocessing = 0;
		};
		EA27C1BB2086DF7700EBB268 /* Frameworks */ = {
			isa = PBXFrameworksBuildPhase;
			buildActionMask = 2147483647;
			files = (
			);
			runOnlyForDeploymentPostprocessing = 0;
		};
/* End PBXFrameworksBuildPhase section */

/* Begin PBXGroup section */
		76CFDEB0106151794630A91E /* Pods */ = {
			isa = PBXGroup;
			children = (
				AD20DBDC90DA1227C93483D8 /* Pods-TodoByReactorKit.debug.xcconfig */,
				686EBE8898AB7EFA3030A731 /* Pods-TodoByReactorKit.release.xcconfig */,
			);
			name = Pods;
			sourceTree = "<group>";
		};
		B21F339887237A48718C4FB8 /* Frameworks */ = {
			isa = PBXGroup;
			children = (
				4FC2C0B9A8C1A5D6ADFD3A5E /* Pods_TodoByReactorKit.framework */,
			);
			name = Frameworks;
			sourceTree = "<group>";
		};
		EA27C1962086DF7600EBB268 = {
			isa = PBXGroup;
			children = (
				EA27C1A12086DF7600EBB268 /* TodoByReactorKit */,
				EA27C1B62086DF7700EBB268 /* TodoByReactorKitTests */,
				EA27C1C12086DF7700EBB268 /* TodoByReactorKitUITests */,
				EA27C1A02086DF7600EBB268 /* Products */,
				76CFDEB0106151794630A91E /* Pods */,
				B21F339887237A48718C4FB8 /* Frameworks */,
			);
			sourceTree = "<group>";
		};
		EA27C1A02086DF7600EBB268 /* Products */ = {
			isa = PBXGroup;
			children = (
				EA27C19F2086DF7600EBB268 /* TodoByReactorKit.app */,
				EA27C1B32086DF7700EBB268 /* TodoByReactorKitTests.xctest */,
				EA27C1BE2086DF7700EBB268 /* TodoByReactorKitUITests.xctest */,
			);
			name = Products;
			sourceTree = "<group>";
		};
		EA27C1A12086DF7600EBB268 /* TodoByReactorKit */ = {
			isa = PBXGroup;
			children = (
				EA27C1D220881C4500EBB268 /* Types */,
				EA27C1D320881C4500EBB268 /* Services */,
				EA27C1D620881C4500EBB268 /* Models */,
				EA27C1D020881C4500EBB268 /* ViewControllers */,
				EA27C1D520881C4500EBB268 /* Views */,
				EA27C1D420881C4500EBB268 /* Rx */,
				EA27C1D120881C4500EBB268 /* Utils */,
				EA27C1A22086DF7600EBB268 /* AppDelegate.swift */,
				EA27C1A42086DF7600EBB268 /* ViewController.swift */,
				EA27C1A62086DF7600EBB268 /* Main.storyboard */,
				EA27C1A92086DF7600EBB268 /* Assets.xcassets */,
				EA27C1AB2086DF7600EBB268 /* LaunchScreen.storyboard */,
				EA27C1AE2086DF7700EBB268 /* Info.plist */,
			);
			path = TodoByReactorKit;
			sourceTree = "<group>";
		};
		EA27C1B62086DF7700EBB268 /* TodoByReactorKitTests */ = {
			isa = PBXGroup;
			children = (
				EA27C1B72086DF7700EBB268 /* TodoByReactorKitTests.swift */,
				EA27C1B92086DF7700EBB268 /* Info.plist */,
			);
			path = TodoByReactorKitTests;
			sourceTree = "<group>";
		};
		EA27C1C12086DF7700EBB268 /* TodoByReactorKitUITests */ = {
			isa = PBXGroup;
			children = (
				EA27C1C22086DF7700EBB268 /* TodoByReactorKitUITests.swift */,
				EA27C1C42086DF7700EBB268 /* Info.plist */,
			);
			path = TodoByReactorKitUITests;
			sourceTree = "<group>";
		};
		EA27C1D020881C4500EBB268 /* ViewControllers */ = {
			isa = PBXGroup;
			children = (
			);
			path = ViewControllers;
			sourceTree = "<group>";
		};
		EA27C1D120881C4500EBB268 /* Utils */ = {
			isa = PBXGroup;
			children = (
			);
			path = Utils;
			sourceTree = "<group>";
		};
		EA27C1D220881C4500EBB268 /* Types */ = {
			isa = PBXGroup;
			children = (
			);
			path = Types;
			sourceTree = "<group>";
		};
		EA27C1D320881C4500EBB268 /* Services */ = {
			isa = PBXGroup;
			children = (
				EA27C1D720881C7A00EBB268 /* ServiceProvider.swift */,
				EA27C1D920881CB700EBB268 /* BaseService.swift */,
				EA27C1DB20881D0C00EBB268 /* UserDefaultsService.swift */,
				EA27C1DD20881D1700EBB268 /* TaskService.swift */,
				EA27C1DF20881D2400EBB268 /* AlertService.swift */,
			);
			path = Services;
			sourceTree = "<group>";
		};
		EA27C1D420881C4500EBB268 /* Rx */ = {
			isa = PBXGroup;
			children = (
			);
			path = Rx;
			sourceTree = "<group>";
		};
		EA27C1D520881C4500EBB268 /* Views */ = {
			isa = PBXGroup;
			children = (
			);
			path = Views;
			sourceTree = "<group>";
		};
		EA27C1D620881C4500EBB268 /* Models */ = {
			isa = PBXGroup;
			children = (
			);
			path = Models;
			sourceTree = "<group>";
		};
/* End PBXGroup section */

/* Begin PBXNativeTarget section */
		EA27C19E2086DF7600EBB268 /* TodoByReactorKit */ = {
			isa = PBXNativeTarget;
			buildConfigurationList = EA27C1C72086DF7700EBB268 /* Build configuration list for PBXNativeTarget "TodoByReactorKit" */;
			buildPhases = (
				3786F35AE205B4FC4FCC8577 /* [CP] Check Pods Manifest.lock */,
				EA27C19B2086DF7600EBB268 /* Sources */,
				EA27C19C2086DF7600EBB268 /* Frameworks */,
				EA27C19D2086DF7600EBB268 /* Resources */,
				3E650D10795565674818F2C0 /* [CP] Embed Pods Frameworks */,
			);
			buildRules = (
			);
			dependencies = (
			);
			name = TodoByReactorKit;
			productName = TodoByReactorKit;
			productReference = EA27C19F2086DF7600EBB268 /* TodoByReactorKit.app */;
			productType = "com.apple.product-type.application";
		};
		EA27C1B22086DF7700EBB268 /* TodoByReactorKitTests */ = {
			isa = PBXNativeTarget;
			buildConfigurationList = EA27C1CA2086DF7700EBB268 /* Build configuration list for PBXNativeTarget "TodoByReactorKitTests" */;
			buildPhases = (
				EA27C1AF2086DF7700EBB268 /* Sources */,
				EA27C1B02086DF7700EBB268 /* Frameworks */,
				EA27C1B12086DF7700EBB268 /* Resources */,
			);
			buildRules = (
			);
			dependencies = (
				EA27C1B52086DF7700EBB268 /* PBXTargetDependency */,
			);
			name = TodoByReactorKitTests;
			productName = TodoByReactorKitTests;
			productReference = EA27C1B32086DF7700EBB268 /* TodoByReactorKitTests.xctest */;
			productType = "com.apple.product-type.bundle.unit-test";
		};
		EA27C1BD2086DF7700EBB268 /* TodoByReactorKitUITests */ = {
			isa = PBXNativeTarget;
			buildConfigurationList = EA27C1CD2086DF7700EBB268 /* Build configuration list for PBXNativeTarget "TodoByReactorKitUITests" */;
			buildPhases = (
				EA27C1BA2086DF7700EBB268 /* Sources */,
				EA27C1BB2086DF7700EBB268 /* Frameworks */,
				EA27C1BC2086DF7700EBB268 /* Resources */,
			);
			buildRules = (
			);
			dependencies = (
				EA27C1C02086DF7700EBB268 /* PBXTargetDependency */,
			);
			name = TodoByReactorKitUITests;
			productName = TodoByReactorKitUITests;
			productReference = EA27C1BE2086DF7700EBB268 /* TodoByReactorKitUITests.xctest */;
			productType = "com.apple.product-type.bundle.ui-testing";
		};
/* End PBXNativeTarget section */

/* Begin PBXProject section */
		EA27C1972086DF7600EBB268 /* Project object */ = {
			isa = PBXProject;
			attributes = {
				LastSwiftUpdateCheck = 0930;
				LastUpgradeCheck = 0930;
				ORGANIZATIONNAME = "Masakazu Sano";
				TargetAttributes = {
					EA27C19E2086DF7600EBB268 = {
						CreatedOnToolsVersion = 9.3;
					};
					EA27C1B22086DF7700EBB268 = {
						CreatedOnToolsVersion = 9.3;
						TestTargetID = EA27C19E2086DF7600EBB268;
					};
					EA27C1BD2086DF7700EBB268 = {
						CreatedOnToolsVersion = 9.3;
						TestTargetID = EA27C19E2086DF7600EBB268;
					};
				};
			};
			buildConfigurationList = EA27C19A2086DF7600EBB268 /* Build configuration list for PBXProject "TodoByReactorKit" */;
			compatibilityVersion = "Xcode 9.3";
			developmentRegion = en;
			hasScannedForEncodings = 0;
			knownRegions = (
				en,
				Base,
			);
			mainGroup = EA27C1962086DF7600EBB268;
			productRefGroup = EA27C1A02086DF7600EBB268 /* Products */;
			projectDirPath = "";
			projectRoot = "";
			targets = (
				EA27C19E2086DF7600EBB268 /* TodoByReactorKit */,
				EA27C1B22086DF7700EBB268 /* TodoByReactorKitTests */,
				EA27C1BD2086DF7700EBB268 /* TodoByReactorKitUITests */,
			);
		};
/* End PBXProject section */

/* Begin PBXResourcesBuildPhase section */
		EA27C19D2086DF7600EBB268 /* Resources */ = {
			isa = PBXResourcesBuildPhase;
			buildActionMask = 2147483647;
			files = (
				EA27C1AD2086DF7600EBB268 /* LaunchScreen.storyboard in Resources */,
				EA27C1AA2086DF7600EBB268 /* Assets.xcassets in Resources */,
				EA27C1A82086DF7600EBB268 /* Main.storyboard in Resources */,
			);
			runOnlyForDeploymentPostprocessing = 0;
		};
		EA27C1B12086DF7700EBB268 /* Resources */ = {
			isa = PBXResourcesBuildPhase;
			buildActionMask = 2147483647;
			files = (
			);
			runOnlyForDeploymentPostprocessing = 0;
		};
		EA27C1BC2086DF7700EBB268 /* Resources */ = {
			isa = PBXResourcesBuildPhase;
			buildActionMask = 2147483647;
			files = (
			);
			runOnlyForDeploymentPostprocessing = 0;
		};
/* End PBXResourcesBuildPhase section */

/* Begin PBXShellScriptBuildPhase section */
		3786F35AE205B4FC4FCC8577 /* [CP] Check Pods Manifest.lock */ = {
			isa = PBXShellScriptBuildPhase;
			buildActionMask = 2147483647;
			files = (
			);
			inputPaths = (
				"${PODS_PODFILE_DIR_PATH}/Podfile.lock",
				"${PODS_ROOT}/Manifest.lock",
			);
			name = "[CP] Check Pods Manifest.lock";
			outputPaths = (
				"$(DERIVED_FILE_DIR)/Pods-TodoByReactorKit-checkManifestLockResult.txt",
			);
			runOnlyForDeploymentPostprocessing = 0;
			shellPath = /bin/sh;
			shellScript = "diff \"${PODS_PODFILE_DIR_PATH}/Podfile.lock\" \"${PODS_ROOT}/Manifest.lock\" > /dev/null\nif [ $? != 0 ] ; then\n    # print error to STDERR\n    echo \"error: The sandbox is not in sync with the Podfile.lock. Run 'pod install' or update your CocoaPods installation.\" >&2\n    exit 1\nfi\n# This output is used by Xcode 'outputs' to avoid re-running this script phase.\necho \"SUCCESS\" > \"${SCRIPT_OUTPUT_FILE_0}\"\n";
			showEnvVarsInLog = 0;
		};
		3E650D10795565674818F2C0 /* [CP] Embed Pods Frameworks */ = {
			isa = PBXShellScriptBuildPhase;
			buildActionMask = 2147483647;
			files = (
			);
			inputPaths = (
				"${SRCROOT}/Pods/Target Support Files/Pods-TodoByReactorKit/Pods-TodoByReactorKit-frameworks.sh",
				"${BUILT_PRODUCTS_DIR}/ReactorKit/ReactorKit.framework",
				"${BUILT_PRODUCTS_DIR}/RxCocoa/RxCocoa.framework",
				"${BUILT_PRODUCTS_DIR}/RxSwift/RxSwift.framework",
			);
			name = "[CP] Embed Pods Frameworks";
			outputPaths = (
				"${TARGET_BUILD_DIR}/${FRAMEWORKS_FOLDER_PATH}/ReactorKit.framework",
				"${TARGET_BUILD_DIR}/${FRAMEWORKS_FOLDER_PATH}/RxCocoa.framework",
				"${TARGET_BUILD_DIR}/${FRAMEWORKS_FOLDER_PATH}/RxSwift.framework",
			);
			runOnlyForDeploymentPostprocessing = 0;
			shellPath = /bin/sh;
			shellScript = "\"${SRCROOT}/Pods/Target Support Files/Pods-TodoByReactorKit/Pods-TodoByReactorKit-frameworks.sh\"\n";
			showEnvVarsInLog = 0;
		};
/* End PBXShellScriptBuildPhase section */

/* Begin PBXSourcesBuildPhase section */
		EA27C19B2086DF7600EBB268 /* Sources */ = {
			isa = PBXSourcesBuildPhase;
			buildActionMask = 2147483647;
			files = (
				EA27C1DA20881CB700EBB268 /* BaseService.swift in Sources */,
				EA27C1D820881C7A00EBB268 /* ServiceProvider.swift in Sources */,
				EA27C1E020881D2400EBB268 /* AlertService.swift in Sources */,
				EA27C1DE20881D1700EBB268 /* TaskService.swift in Sources */,
				EA27C1DC20881D0C00EBB268 /* UserDefaultsService.swift in Sources */,
				EA27C1A52086DF7600EBB268 /* ViewController.swift in Sources */,
				EA27C1A32086DF7600EBB268 /* AppDelegate.swift in Sources */,
			);
			runOnlyForDeploymentPostprocessing = 0;
		};
		EA27C1AF2086DF7700EBB268 /* Sources */ = {
			isa = PBXSourcesBuildPhase;
			buildActionMask = 2147483647;
			files = (
				EA27C1B82086DF7700EBB268 /* TodoByReactorKitTests.swift in Sources */,
			);
			runOnlyForDeploymentPostprocessing = 0;
		};
		EA27C1BA2086DF7700EBB268 /* Sources */ = {
			isa = PBXSourcesBuildPhase;
			buildActionMask = 2147483647;
			files = (
				EA27C1C32086DF7700EBB268 /* TodoByReactorKitUITests.swift in Sources */,
			);
			runOnlyForDeploymentPostprocessing = 0;
		};
/* End PBXSourcesBuildPhase section */

/* Begin PBXTargetDependency section */
		EA27C1B52086DF7700EBB268 /* PBXTargetDependency */ = {
			isa = PBXTargetDependency;
			target = EA27C19E2086DF7600EBB268 /* TodoByReactorKit */;
			targetProxy = EA27C1B42086DF7700EBB268 /* PBXContainerItemProxy */;
		};
		EA27C1C02086DF7700EBB268 /* PBXTargetDependency */ = {
			isa = PBXTargetDependency;
			target = EA27C19E2086DF7600EBB268 /* TodoByReactorKit */;
			targetProxy = EA27C1BF2086DF7700EBB268 /* PBXContainerItemProxy */;
		};
/* End PBXTargetDependency section */

/* Begin PBXVariantGroup section */
		EA27C1A62086DF7600EBB268 /* Main.storyboard */ = {
			isa = PBXVariantGroup;
			children = (
				EA27C1A72086DF7600EBB268 /* Base */,
			);
			name = Main.storyboard;
			sourceTree = "<group>";
		};
		EA27C1AB2086DF7600EBB268 /* LaunchScreen.storyboard */ = {
			isa = PBXVariantGroup;
			children = (
				EA27C1AC2086DF7600EBB268 /* Base */,
			);
			name = LaunchScreen.storyboard;
			sourceTree = "<group>";
		};
/* End PBXVariantGroup section */

/* Begin XCBuildConfiguration section */
		EA27C1C52086DF7700EBB268 /* Debug */ = {
			isa = XCBuildConfiguration;
			buildSettings = {
				ALWAYS_SEARCH_USER_PATHS = NO;
				CLANG_ANALYZER_NONNULL = YES;
				CLANG_ANALYZER_NUMBER_OBJECT_CONVERSION = YES_AGGRESSIVE;
				CLANG_CXX_LANGUAGE_STANDARD = "gnu++14";
				CLANG_CXX_LIBRARY = "libc++";
				CLANG_ENABLE_MODULES = YES;
				CLANG_ENABLE_OBJC_ARC = YES;
				CLANG_ENABLE_OBJC_WEAK = YES;
				CLANG_WARN_BLOCK_CAPTURE_AUTORELEASING = YES;
				CLANG_WARN_BOOL_CONVERSION = YES;
				CLANG_WARN_COMMA = YES;
				CLANG_WARN_CONSTANT_CONVERSION = YES;
				CLANG_WARN_DEPRECATED_OBJC_IMPLEMENTATIONS = YES;
				CLANG_WARN_DIRECT_OBJC_ISA_USAGE = YES_ERROR;
				CLANG_WARN_DOCUMENTATION_COMMENTS = YES;
				CLANG_WARN_EMPTY_BODY = YES;
				CLANG_WARN_ENUM_CONVERSION = YES;
				CLANG_WARN_INFINITE_RECURSION = YES;
				CLANG_WARN_INT_CONVERSION = YES;
				CLANG_WARN_NON_LITERAL_NULL_CONVERSION = YES;
				CLANG_WARN_OBJC_IMPLICIT_RETAIN_SELF = YES;
				CLANG_WARN_OBJC_LITERAL_CONVERSION = YES;
				CLANG_WARN_OBJC_ROOT_CLASS = YES_ERROR;
				CLANG_WARN_RANGE_LOOP_ANALYSIS = YES;
				CLANG_WARN_STRICT_PROTOTYPES = YES;
				CLANG_WARN_SUSPICIOUS_MOVE = YES;
				CLANG_WARN_UNGUARDED_AVAILABILITY = YES_AGGRESSIVE;
				CLANG_WARN_UNREACHABLE_CODE = YES;
				CLANG_WARN__DUPLICATE_METHOD_MATCH = YES;
				CODE_SIGN_IDENTITY = "iPhone Developer";
				COPY_PHASE_STRIP = NO;
				DEBUG_INFORMATION_FORMAT = dwarf;
				ENABLE_STRICT_OBJC_MSGSEND = YES;
				ENABLE_TESTABILITY = YES;
				GCC_C_LANGUAGE_STANDARD = gnu11;
				GCC_DYNAMIC_NO_PIC = NO;
				GCC_NO_COMMON_BLOCKS = YES;
				GCC_OPTIMIZATION_LEVEL = 0;
				GCC_PREPROCESSOR_DEFINITIONS = (
					"DEBUG=1",
					"$(inherited)",
				);
				GCC_WARN_64_TO_32_BIT_CONVERSION = YES;
				GCC_WARN_ABOUT_RETURN_TYPE = YES_ERROR;
				GCC_WARN_UNDECLARED_SELECTOR = YES;
				GCC_WARN_UNINITIALIZED_AUTOS = YES_AGGRESSIVE;
				GCC_WARN_UNUSED_FUNCTION = YES;
				GCC_WARN_UNUSED_VARIABLE = YES;
				IPHONEOS_DEPLOYMENT_TARGET = 11.3;
				MTL_ENABLE_DEBUG_INFO = YES;
				ONLY_ACTIVE_ARCH = YES;
				SDKROOT = iphoneos;
				SWIFT_ACTIVE_COMPILATION_CONDITIONS = DEBUG;
				SWIFT_OPTIMIZATION_LEVEL = "-Onone";
			};
			name = Debug;
		};
		EA27C1C62086DF7700EBB268 /* Release */ = {
			isa = XCBuildConfiguration;
			buildSettings = {
				ALWAYS_SEARCH_USER_PATHS = NO;
				CLANG_ANALYZER_NONNULL = YES;
				CLANG_ANALYZER_NUMBER_OBJECT_CONVERSION = YES_AGGRESSIVE;
				CLANG_CXX_LANGUAGE_STANDARD = "gnu++14";
				CLANG_CXX_LIBRARY = "libc++";
				CLANG_ENABLE_MODULES = YES;
				CLANG_ENABLE_OBJC_ARC = YES;
				CLANG_ENABLE_OBJC_WEAK = YES;
				CLANG_WARN_BLOCK_CAPTURE_AUTORELEASING = YES;
				CLANG_WARN_BOOL_CONVERSION = YES;
				CLANG_WARN_COMMA = YES;
				CLANG_WARN_CONSTANT_CONVERSION = YES;
				CLANG_WARN_DEPRECATED_OBJC_IMPLEMENTATIONS = YES;
				CLANG_WARN_DIRECT_OBJC_ISA_USAGE = YES_ERROR;
				CLANG_WARN_DOCUMENTATION_COMMENTS = YES;
				CLANG_WARN_EMPTY_BODY = YES;
				CLANG_WARN_ENUM_CONVERSION = YES;
				CLANG_WARN_INFINITE_RECURSION = YES;
				CLANG_WARN_INT_CONVERSION = YES;
				CLANG_WARN_NON_LITERAL_NULL_CONVERSION = YES;
				CLANG_WARN_OBJC_IMPLICIT_RETAIN_SELF = YES;
				CLANG_WARN_OBJC_LITERAL_CONVERSION = YES;
				CLANG_WARN_OBJC_ROOT_CLASS = YES_ERROR;
				CLANG_WARN_RANGE_LOOP_ANALYSIS = YES;
				CLANG_WARN_STRICT_PROTOTYPES = YES;
				CLANG_WARN_SUSPICIOUS_MOVE = YES;
				CLANG_WARN_UNGUARDED_AVAILABILITY = YES_AGGRESSIVE;
				CLANG_WARN_UNREACHABLE_CODE = YES;
				CLANG_WARN__DUPLICATE_METHOD_MATCH = YES;
				CODE_SIGN_IDENTITY = "iPhone Developer";
				COPY_PHASE_STRIP = NO;
				DEBUG_INFORMATION_FORMAT = "dwarf-with-dsym";
				ENABLE_NS_ASSERTIONS = NO;
				ENABLE_STRICT_OBJC_MSGSEND = YES;
				GCC_C_LANGUAGE_STANDARD = gnu11;
				GCC_NO_COMMON_BLOCKS = YES;
				GCC_WARN_64_TO_32_BIT_CONVERSION = YES;
				GCC_WARN_ABOUT_RETURN_TYPE = YES_ERROR;
				GCC_WARN_UNDECLARED_SELECTOR = YES;
				GCC_WARN_UNINITIALIZED_AUTOS = YES_AGGRESSIVE;
				GCC_WARN_UNUSED_FUNCTION = YES;
				GCC_WARN_UNUSED_VARIABLE = YES;
				IPHONEOS_DEPLOYMENT_TARGET = 11.3;
				MTL_ENABLE_DEBUG_INFO = NO;
				SDKROOT = iphoneos;
				SWIFT_COMPILATION_MODE = wholemodule;
				SWIFT_OPTIMIZATION_LEVEL = "-O";
				VALIDATE_PRODUCT = YES;
			};
			name = Release;
		};
		EA27C1C82086DF7700EBB268 /* Debug */ = {
			isa = XCBuildConfiguration;
			baseConfigurationReference = AD20DBDC90DA1227C93483D8 /* Pods-TodoByReactorKit.debug.xcconfig */;
			buildSettings = {
				ASSETCATALOG_COMPILER_APPICON_NAME = AppIcon;
				CODE_SIGN_STYLE = Automatic;
				DEVELOPMENT_TEAM = 3ZMTZ3U33V;
				INFOPLIST_FILE = TodoByReactorKit/Info.plist;
				LD_RUNPATH_SEARCH_PATHS = (
					"$(inherited)",
					"@executable_path/Frameworks",
				);
				PRODUCT_BUNDLE_IDENTIFIER = cc.ka56cd.TodoByReactorKit;
				PRODUCT_NAME = "$(TARGET_NAME)";
				SWIFT_VERSION = 4.0;
				TARGETED_DEVICE_FAMILY = "1,2";
			};
			name = Debug;
		};
		EA27C1C92086DF7700EBB268 /* Release */ = {
			isa = XCBuildConfiguration;
			baseConfigurationReference = 686EBE8898AB7EFA3030A731 /* Pods-TodoByReactorKit.release.xcconfig */;
			buildSettings = {
				ASSETCATALOG_COMPILER_APPICON_NAME = AppIcon;
				CODE_SIGN_STYLE = Automatic;
				DEVELOPMENT_TEAM = 3ZMTZ3U33V;
				INFOPLIST_FILE = TodoByReactorKit/Info.plist;
				LD_RUNPATH_SEARCH_PATHS = (
					"$(inherited)",
					"@executable_path/Frameworks",
				);
				PRODUCT_BUNDLE_IDENTIFIER = cc.ka56cd.TodoByReactorKit;
				PRODUCT_NAME = "$(TARGET_NAME)";
				SWIFT_VERSION = 4.0;
				TARGETED_DEVICE_FAMILY = "1,2";
			};
			name = Release;
		};
		EA27C1CB2086DF7700EBB268 /* Debug */ = {
			isa = XCBuildConfiguration;
			buildSettings = {
				ALWAYS_EMBED_SWIFT_STANDARD_LIBRARIES = YES;
				BUNDLE_LOADER = "$(TEST_HOST)";
				CODE_SIGN_STYLE = Automatic;
				DEVELOPMENT_TEAM = 3ZMTZ3U33V;
				INFOPLIST_FILE = TodoByReactorKitTests/Info.plist;
				LD_RUNPATH_SEARCH_PATHS = (
					"$(inherited)",
					"@executable_path/Frameworks",
					"@loader_path/Frameworks",
				);
				PRODUCT_BUNDLE_IDENTIFIER = cc.ka56cd.TodoByReactorKitTests;
				PRODUCT_NAME = "$(TARGET_NAME)";
				SWIFT_VERSION = 4.0;
				TARGETED_DEVICE_FAMILY = "1,2";
				TEST_HOST = "$(BUILT_PRODUCTS_DIR)/TodoByReactorKit.app/TodoByReactorKit";
			};
			name = Debug;
		};
		EA27C1CC2086DF7700EBB268 /* Release */ = {
			isa = XCBuildConfiguration;
			buildSettings = {
				ALWAYS_EMBED_SWIFT_STANDARD_LIBRARIES = YES;
				BUNDLE_LOADER = "$(TEST_HOST)";
				CODE_SIGN_STYLE = Automatic;
				DEVELOPMENT_TEAM = 3ZMTZ3U33V;
				INFOPLIST_FILE = TodoByReactorKitTests/Info.plist;
				LD_RUNPATH_SEARCH_PATHS = (
					"$(inherited)",
					"@executable_path/Frameworks",
					"@loader_path/Frameworks",
				);
				PRODUCT_BUNDLE_IDENTIFIER = cc.ka56cd.TodoByReactorKitTests;
				PRODUCT_NAME = "$(TARGET_NAME)";
				SWIFT_VERSION = 4.0;
				TARGETED_DEVICE_FAMILY = "1,2";
				TEST_HOST = "$(BUILT_PRODUCTS_DIR)/TodoByReactorKit.app/TodoByReactorKit";
			};
			name = Release;
		};
		EA27C1CE2086DF7700EBB268 /* Debug */ = {
			isa = XCBuildConfiguration;
			buildSettings = {
				ALWAYS_EMBED_SWIFT_STANDARD_LIBRARIES = YES;
				CODE_SIGN_STYLE = Automatic;
				DEVELOPMENT_TEAM = 3ZMTZ3U33V;
				INFOPLIST_FILE = TodoByReactorKitUITests/Info.plist;
				LD_RUNPATH_SEARCH_PATHS = (
					"$(inherited)",
					"@executable_path/Frameworks",
					"@loader_path/Frameworks",
				);
				PRODUCT_BUNDLE_IDENTIFIER = cc.ka56cd.TodoByReactorKitUITests;
				PRODUCT_NAME = "$(TARGET_NAME)";
				SWIFT_VERSION = 4.0;
				TARGETED_DEVICE_FAMILY = "1,2";
				TEST_TARGET_NAME = TodoByReactorKit;
			};
			name = Debug;
		};
		EA27C1CF2086DF7700EBB268 /* Release */ = {
			isa = XCBuildConfiguration;
			buildSettings = {
				ALWAYS_EMBED_SWIFT_STANDARD_LIBRARIES = YES;
				CODE_SIGN_STYLE = Automatic;
				DEVELOPMENT_TEAM = 3ZMTZ3U33V;
				INFOPLIST_FILE = TodoByReactorKitUITests/Info.plist;
				LD_RUNPATH_SEARCH_PATHS = (
					"$(inherited)",
					"@executable_path/Frameworks",
					"@loader_path/Frameworks",
				);
				PRODUCT_BUNDLE_IDENTIFIER = cc.ka56cd.TodoByReactorKitUITests;
				PRODUCT_NAME = "$(TARGET_NAME)";
				SWIFT_VERSION = 4.0;
				TARGETED_DEVICE_FAMILY = "1,2";
				TEST_TARGET_NAME = TodoByReactorKit;
			};
			name = Release;
		};
/* End XCBuildConfiguration section */

/* Begin XCConfigurationList section */
		EA27C19A2086DF7600EBB268 /* Build configuration list for PBXProject "TodoByReactorKit" */ = {
			isa = XCConfigurationList;
			buildConfigurations = (
				EA27C1C52086DF7700EBB268 /* Debug */,
				EA27C1C62086DF7700EBB268 /* Release */,
			);
			defaultConfigurationIsVisible = 0;
			defaultConfigurationName = Release;
		};
		EA27C1C72086DF7700EBB268 /* Build configuration list for PBXNativeTarget "TodoByReactorKit" */ = {
			isa = XCConfigurationList;
			buildConfigurations = (
				EA27C1C82086DF7700EBB268 /* Debug */,
				EA27C1C92086DF7700EBB268 /* Release */,
			);
			defaultConfigurationIsVisible = 0;
			defaultConfigurationName = Release;
		};
		EA27C1CA2086DF7700EBB268 /* Build configuration list for PBXNativeTarget "TodoByReactorKitTests" */ = {
			isa = XCConfigurationList;
			buildConfigurations = (
				EA27C1CB2086DF7700EBB268 /* Debug */,
				EA27C1CC2086DF7700EBB268 /* Release */,
			);
			defaultConfigurationIsVisible = 0;
			defaultConfigurationName = Release;
		};
		EA27C1CD2086DF7700EBB268 /* Build configuration list for PBXNativeTarget "TodoByReactorKitUITests" */ = {
			isa = XCConfigurationList;
			buildConfigurations = (
				EA27C1CE2086DF7700EBB268 /* Debug */,
				EA27C1CF2086DF7700EBB268 /* Release */,
			);
			defaultConfigurationIsVisible = 0;
			defaultConfigurationName = Release;
		};
/* End XCConfigurationList section */
	};
	rootObject = EA27C1972086DF7600EBB268 /* Project object */;
}
